// !$*UTF8*$!
{
	archiveVersion = 1;
	classes = {
	};
	objectVersion = 50;
	objects = {

/* Begin PBXBuildFile section */
		2E1BE47B113EA1ED5278CE9B /* Pods_Flixter.framework in Frameworks */ = {isa = PBXBuildFile; fileRef = AACC406A943E81393578368D /* Pods_Flixter.framework */; };
		48C712EA8DB2AF5C68C14E46 /* Pods_FlixterUITests.framework in Frameworks */ = {isa = PBXBuildFile; fileRef = FF0082C63376F837D1E92017 /* Pods_FlixterUITests.framework */; };
		A2C897F02203EB96007511D3 /* AppDelegate.swift in Sources */ = {isa = PBXBuildFile; fileRef = A2C897EF2203EB96007511D3 /* AppDelegate.swift */; };
		A2C897F52203EB96007511D3 /* Main.storyboard in Resources */ = {isa = PBXBuildFile; fileRef = A2C897F32203EB96007511D3 /* Main.storyboard */; };
		A2C897F72203EB97007511D3 /* Assets.xcassets in Resources */ = {isa = PBXBuildFile; fileRef = A2C897F62203EB97007511D3 /* Assets.xcassets */; };
		A2C897FA2203EB97007511D3 /* LaunchScreen.storyboard in Resources */ = {isa = PBXBuildFile; fileRef = A2C897F82203EB97007511D3 /* LaunchScreen.storyboard */; };
		A2C898052203EB97007511D3 /* FlixterTests.swift in Sources */ = {isa = PBXBuildFile; fileRef = A2C898042203EB97007511D3 /* FlixterTests.swift */; };
		A2C898102203EB97007511D3 /* FlixterUITests.swift in Sources */ = {isa = PBXBuildFile; fileRef = A2C8980F2203EB97007511D3 /* FlixterUITests.swift */; };
		A2C898282203F6A8007511D3 /* MoviesViewController.swift in Sources */ = {isa = PBXBuildFile; fileRef = A2C898272203F6A8007511D3 /* MoviesViewController.swift */; };
		A2C8982A22040500007511D3 /* MovieCell.swift in Sources */ = {isa = PBXBuildFile; fileRef = A2C8982922040500007511D3 /* MovieCell.swift */; };
		B948DEC9F69F10E2B97A5175 /* Pods_FlixterTests.framework in Frameworks */ = {isa = PBXBuildFile; fileRef = 47300DF4A90489341C3ADFD9 /* Pods_FlixterTests.framework */; };
		BD3E798722124A5B00EDD78E /* MovieGridViewController.swift in Sources */ = {isa = PBXBuildFile; fileRef = BD3E798622124A5B00EDD78E /* MovieGridViewController.swift */; };
		BD3E7989221257F300EDD78E /* MovieGridCell.swift in Sources */ = {isa = PBXBuildFile; fileRef = BD3E7988221257F300EDD78E /* MovieGridCell.swift */; };
		BDD58501220D243C0059FE51 /* MovieDetailsViewController.swift in Sources */ = {isa = PBXBuildFile; fileRef = BDD58500220D243C0059FE51 /* MovieDetailsViewController.swift */; };
/* End PBXBuildFile section */

/* Begin PBXContainerItemProxy section */
		A2C898012203EB97007511D3 /* PBXContainerItemProxy */ = {
			isa = PBXContainerItemProxy;
			containerPortal = A2C897E42203EB96007511D3 /* Project object */;
			proxyType = 1;
			remoteGlobalIDString = A2C897EB2203EB96007511D3;
			remoteInfo = Flixter;
		};
		A2C8980C2203EB97007511D3 /* PBXContainerItemProxy */ = {
			isa = PBXContainerItemProxy;
			containerPortal = A2C897E42203EB96007511D3 /* Project object */;
			proxyType = 1;
			remoteGlobalIDString = A2C897EB2203EB96007511D3;
			remoteInfo = Flixter;
		};
/* End PBXContainerItemProxy section */

/* Begin PBXFileReference section */
		47300DF4A90489341C3ADFD9 /* Pods_FlixterTests.framework */ = {isa = PBXFileReference; explicitFileType = wrapper.framework; includeInIndex = 0; path = Pods_FlixterTests.framework; sourceTree = BUILT_PRODUCTS_DIR; };
		58F75612DAE5FA708579CF58 /* Pods-FlixterUITests.release.xcconfig */ = {isa = PBXFileReference; includeInIndex = 1; lastKnownFileType = text.xcconfig; name = "Pods-FlixterUITests.release.xcconfig"; path = "Pods/Target Support Files/Pods-FlixterUITests/Pods-FlixterUITests.release.xcconfig"; sourceTree = "<group>"; };
		635FAA5FC6CEE067581D8B7D /* Pods-FlixterUITests.debug.xcconfig */ = {isa = PBXFileReference; includeInIndex = 1; lastKnownFileType = text.xcconfig; name = "Pods-FlixterUITests.debug.xcconfig"; path = "Pods/Target Support Files/Pods-FlixterUITests/Pods-FlixterUITests.debug.xcconfig"; sourceTree = "<group>"; };
		95199350B9D3BBD5750E1FB8 /* Pods-Flixter.release.xcconfig */ = {isa = PBXFileReference; includeInIndex = 1; lastKnownFileType = text.xcconfig; name = "Pods-Flixter.release.xcconfig"; path = "Pods/Target Support Files/Pods-Flixter/Pods-Flixter.release.xcconfig"; sourceTree = "<group>"; };
		A2C897EC2203EB96007511D3 /* Flixter.app */ = {isa = PBXFileReference; explicitFileType = wrapper.application; includeInIndex = 0; path = Flixter.app; sourceTree = BUILT_PRODUCTS_DIR; };
		A2C897EF2203EB96007511D3 /* AppDelegate.swift */ = {isa = PBXFileReference; lastKnownFileType = sourcecode.swift; path = AppDelegate.swift; sourceTree = "<group>"; };
		A2C897F42203EB96007511D3 /* Base */ = {isa = PBXFileReference; lastKnownFileType = file.storyboard; name = Base; path = Base.lproj/Main.storyboard; sourceTree = "<group>"; };
		A2C897F62203EB97007511D3 /* Assets.xcassets */ = {isa = PBXFileReference; lastKnownFileType = folder.assetcatalog; path = Assets.xcassets; sourceTree = "<group>"; };
		A2C897F92203EB97007511D3 /* Base */ = {isa = PBXFileReference; lastKnownFileType = file.storyboard; name = Base; path = Base.lproj/LaunchScreen.storyboard; sourceTree = "<group>"; };
		A2C897FB2203EB97007511D3 /* Info.plist */ = {isa = PBXFileReference; lastKnownFileType = text.plist.xml; path = Info.plist; sourceTree = "<group>"; };
		A2C898002203EB97007511D3 /* FlixterTests.xctest */ = {isa = PBXFileReference; explicitFileType = wrapper.cfbundle; includeInIndex = 0; path = FlixterTests.xctest; sourceTree = BUILT_PRODUCTS_DIR; };
		A2C898042203EB97007511D3 /* FlixterTests.swift */ = {isa = PBXFileReference; lastKnownFileType = sourcecode.swift; path = FlixterTests.swift; sourceTree = "<group>"; };
		A2C898062203EB97007511D3 /* Info.plist */ = {isa = PBXFileReference; lastKnownFileType = text.plist.xml; path = Info.plist; sourceTree = "<group>"; };
		A2C8980B2203EB97007511D3 /* FlixterUITests.xctest */ = {isa = PBXFileReference; explicitFileType = wrapper.cfbundle; includeInIndex = 0; path = FlixterUITests.xctest; sourceTree = BUILT_PRODUCTS_DIR; };
		A2C8980F2203EB97007511D3 /* FlixterUITests.swift */ = {isa = PBXFileReference; lastKnownFileType = sourcecode.swift; path = FlixterUITests.swift; sourceTree = "<group>"; };
		A2C898112203EB97007511D3 /* Info.plist */ = {isa = PBXFileReference; lastKnownFileType = text.plist.xml; path = Info.plist; sourceTree = "<group>"; };
		A2C898272203F6A8007511D3 /* MoviesViewController.swift */ = {isa = PBXFileReference; lastKnownFileType = sourcecode.swift; path = MoviesViewController.swift; sourceTree = "<group>"; };
		A2C8982922040500007511D3 /* MovieCell.swift */ = {isa = PBXFileReference; lastKnownFileType = sourcecode.swift; path = MovieCell.swift; sourceTree = "<group>"; };
		A6990CE2A03CAF34339C5826 /* Pods-FlixterTests.debug.xcconfig */ = {isa = PBXFileReference; includeInIndex = 1; lastKnownFileType = text.xcconfig; name = "Pods-FlixterTests.debug.xcconfig"; path = "Pods/Target Support Files/Pods-FlixterTests/Pods-FlixterTests.debug.xcconfig"; sourceTree = "<group>"; };
		AACC406A943E81393578368D /* Pods_Flixter.framework */ = {isa = PBXFileReference; explicitFileType = wrapper.framework; includeInIndex = 0; path = Pods_Flixter.framework; sourceTree = BUILT_PRODUCTS_DIR; };
		BD3E798622124A5B00EDD78E /* MovieGridViewController.swift */ = {isa = PBXFileReference; lastKnownFileType = sourcecode.swift; path = MovieGridViewController.swift; sourceTree = "<group>"; };
		BD3E7988221257F300EDD78E /* MovieGridCell.swift */ = {isa = PBXFileReference; lastKnownFileType = sourcecode.swift; path = MovieGridCell.swift; sourceTree = "<group>"; };
		BDD58500220D243C0059FE51 /* MovieDetailsViewController.swift */ = {isa = PBXFileReference; lastKnownFileType = sourcecode.swift; path = MovieDetailsViewController.swift; sourceTree = "<group>"; };
		F805CFFF484183094561A4D3 /* Pods-FlixterTests.release.xcconfig */ = {isa = PBXFileReference; includeInIndex = 1; lastKnownFileType = text.xcconfig; name = "Pods-FlixterTests.release.xcconfig"; path = "Pods/Target Support Files/Pods-FlixterTests/Pods-FlixterTests.release.xcconfig"; sourceTree = "<group>"; };
		FF0082C63376F837D1E92017 /* Pods_FlixterUITests.framework */ = {isa = PBXFileReference; explicitFileType = wrapper.framework; includeInIndex = 0; path = Pods_FlixterUITests.framework; sourceTree = BUILT_PRODUCTS_DIR; };
		FF9DECC7AFE916E89BBF26F6 /* Pods-Flixter.debug.xcconfig */ = {isa = PBXFileReference; includeInIndex = 1; lastKnownFileType = text.xcconfig; name = "Pods-Flixter.debug.xcconfig"; path = "Pods/Target Support Files/Pods-Flixter/Pods-Flixter.debug.xcconfig"; sourceTree = "<group>"; };
/* End PBXFileReference section */

/* Begin PBXFrameworksBuildPhase section */
		A2C897E92203EB96007511D3 /* Frameworks */ = {
			isa = PBXFrameworksBuildPhase;
			buildActionMask = 2147483647;
			files = (
				2E1BE47B113EA1ED5278CE9B /* Pods_Flixter.framework in Frameworks */,
			);
			runOnlyForDeploymentPostprocessing = 0;
		};
		A2C897FD2203EB97007511D3 /* Frameworks */ = {
			isa = PBXFrameworksBuildPhase;
			buildActionMask = 2147483647;
			files = (
				B948DEC9F69F10E2B97A5175 /* Pods_FlixterTests.framework in Frameworks */,
			);
			runOnlyForDeploymentPostprocessing = 0;
		};
		A2C898082203EB97007511D3 /* Frameworks */ = {
			isa = PBXFrameworksBuildPhase;
			buildActionMask = 2147483647;
			files = (
				48C712EA8DB2AF5C68C14E46 /* Pods_FlixterUITests.framework in Frameworks */,
			);
			runOnlyForDeploymentPostprocessing = 0;
		};
/* End PBXFrameworksBuildPhase section */

/* Begin PBXGroup section */
		36C0CBF5712910EA7044F86E /* Pods */ = {
			isa = PBXGroup;
			children = (
				FF9DECC7AFE916E89BBF26F6 /* Pods-Flixter.debug.xcconfig */,
				95199350B9D3BBD5750E1FB8 /* Pods-Flixter.release.xcconfig */,
				A6990CE2A03CAF34339C5826 /* Pods-FlixterTests.debug.xcconfig */,
				F805CFFF484183094561A4D3 /* Pods-FlixterTests.release.xcconfig */,
				635FAA5FC6CEE067581D8B7D /* Pods-FlixterUITests.debug.xcconfig */,
				58F75612DAE5FA708579CF58 /* Pods-FlixterUITests.release.xcconfig */,
			);
			name = Pods;
			sourceTree = "<group>";
		};
		A151E277837B66B91D04486F /* Frameworks */ = {
			isa = PBXGroup;
			children = (
				AACC406A943E81393578368D /* Pods_Flixter.framework */,
				47300DF4A90489341C3ADFD9 /* Pods_FlixterTests.framework */,
				FF0082C63376F837D1E92017 /* Pods_FlixterUITests.framework */,
			);
			name = Frameworks;
			sourceTree = "<group>";
		};
		A2C897E32203EB96007511D3 = {
			isa = PBXGroup;
			children = (
				A2C897EE2203EB96007511D3 /* Flixter */,
				A2C898032203EB97007511D3 /* FlixterTests */,
				A2C8980E2203EB97007511D3 /* FlixterUITests */,
				A2C897ED2203EB96007511D3 /* Products */,
				36C0CBF5712910EA7044F86E /* Pods */,
				A151E277837B66B91D04486F /* Frameworks */,
			);
			sourceTree = "<group>";
		};
		A2C897ED2203EB96007511D3 /* Products */ = {
			isa = PBXGroup;
			children = (
				A2C897EC2203EB96007511D3 /* Flixter.app */,
				A2C898002203EB97007511D3 /* FlixterTests.xctest */,
				A2C8980B2203EB97007511D3 /* FlixterUITests.xctest */,
			);
			name = Products;
			sourceTree = "<group>";
		};
		A2C897EE2203EB96007511D3 /* Flixter */ = {
			isa = PBXGroup;
			children = (
				A2C8982922040500007511D3 /* MovieCell.swift */,
				BD3E798622124A5B00EDD78E /* MovieGridViewController.swift */,
				BD3E7988221257F300EDD78E /* MovieGridCell.swift */,
				A2C897EF2203EB96007511D3 /* AppDelegate.swift */,
				A2C897F32203EB96007511D3 /* Main.storyboard */,
				A2C897F62203EB97007511D3 /* Assets.xcassets */,
				A2C897F82203EB97007511D3 /* LaunchScreen.storyboard */,
				A2C897FB2203EB97007511D3 /* Info.plist */,
				A2C898272203F6A8007511D3 /* MoviesViewController.swift */,
				BDD58500220D243C0059FE51 /* MovieDetailsViewController.swift */,
			);
			path = Flixter;
			sourceTree = "<group>";
		};
		A2C898032203EB97007511D3 /* FlixterTests */ = {
			isa = PBXGroup;
			children = (
				A2C898042203EB97007511D3 /* FlixterTests.swift */,
				A2C898062203EB97007511D3 /* Info.plist */,
			);
			path = FlixterTests;
			sourceTree = "<group>";
		};
		A2C8980E2203EB97007511D3 /* FlixterUITests */ = {
			isa = PBXGroup;
			children = (
				A2C8980F2203EB97007511D3 /* FlixterUITests.swift */,
				A2C898112203EB97007511D3 /* Info.plist */,
			);
			path = FlixterUITests;
			sourceTree = "<group>";
		};
/* End PBXGroup section */

/* Begin PBXNativeTarget section */
		A2C897EB2203EB96007511D3 /* Flixter */ = {
			isa = PBXNativeTarget;
			buildConfigurationList = A2C898142203EB97007511D3 /* Build configuration list for PBXNativeTarget "Flixter" */;
			buildPhases = (
				B43F04F50C74DD4ADECAB89F /* [CP] Check Pods Manifest.lock */,
				A2C897E82203EB96007511D3 /* Sources */,
				A2C897E92203EB96007511D3 /* Frameworks */,
				A2C897EA2203EB96007511D3 /* Resources */,
				5DEA98F1768573471A665BCA /* [CP] Embed Pods Frameworks */,
			);
			buildRules = (
			);
			dependencies = (
			);
			name = Flixter;
			productName = Flixter;
			productReference = A2C897EC2203EB96007511D3 /* Flixter.app */;
			productType = "com.apple.product-type.application";
		};
		A2C897FF2203EB97007511D3 /* FlixterTests */ = {
			isa = PBXNativeTarget;
			buildConfigurationList = A2C898172203EB97007511D3 /* Build configuration list for PBXNativeTarget "FlixterTests" */;
			buildPhases = (
				8D19F070AF8655266ECCCAFD /* [CP] Check Pods Manifest.lock */,
				A2C897FC2203EB97007511D3 /* Sources */,
				A2C897FD2203EB97007511D3 /* Frameworks */,
				A2C897FE2203EB97007511D3 /* Resources */,
			);
			buildRules = (
			);
			dependencies = (
				A2C898022203EB97007511D3 /* PBXTargetDependency */,
			);
			name = FlixterTests;
			productName = FlixterTests;
			productReference = A2C898002203EB97007511D3 /* FlixterTests.xctest */;
			productType = "com.apple.product-type.bundle.unit-test";
		};
		A2C8980A2203EB97007511D3 /* FlixterUITests */ = {
			isa = PBXNativeTarget;
			buildConfigurationList = A2C8981A2203EB97007511D3 /* Build configuration list for PBXNativeTarget "FlixterUITests" */;
			buildPhases = (
				ACD41B808B8427F97B07262D /* [CP] Check Pods Manifest.lock */,
				A2C898072203EB97007511D3 /* Sources */,
				A2C898082203EB97007511D3 /* Frameworks */,
				A2C898092203EB97007511D3 /* Resources */,
			);
			buildRules = (
			);
			dependencies = (
				A2C8980D2203EB97007511D3 /* PBXTargetDependency */,
			);
			name = FlixterUITests;
			productName = FlixterUITests;
			productReference = A2C8980B2203EB97007511D3 /* FlixterUITests.xctest */;
			productType = "com.apple.product-type.bundle.ui-testing";
		};
/* End PBXNativeTarget section */

/* Begin PBXProject section */
		A2C897E42203EB96007511D3 /* Project object */ = {
			isa = PBXProject;
			attributes = {
				LastSwiftUpdateCheck = 1010;
				LastUpgradeCheck = 1010;
				ORGANIZATIONNAME = "ANTHONY RONCA";
				TargetAttributes = {
					A2C897EB2203EB96007511D3 = {
						CreatedOnToolsVersion = 10.1;
					};
					A2C897FF2203EB97007511D3 = {
						CreatedOnToolsVersion = 10.1;
						TestTargetID = A2C897EB2203EB96007511D3;
					};
					A2C8980A2203EB97007511D3 = {
						CreatedOnToolsVersion = 10.1;
						TestTargetID = A2C897EB2203EB96007511D3;
					};
				};
			};
			buildConfigurationList = A2C897E72203EB96007511D3 /* Build configuration list for PBXProject "Flixter" */;
			compatibilityVersion = "Xcode 9.3";
			developmentRegion = en;
			hasScannedForEncodings = 0;
			knownRegions = (
				en,
				Base,
			);
			mainGroup = A2C897E32203EB96007511D3;
			productRefGroup = A2C897ED2203EB96007511D3 /* Products */;
			projectDirPath = "";
			projectRoot = "";
			targets = (
				A2C897EB2203EB96007511D3 /* Flixter */,
				A2C897FF2203EB97007511D3 /* FlixterTests */,
				A2C8980A2203EB97007511D3 /* FlixterUITests */,
			);
		};
/* End PBXProject section */

/* Begin PBXResourcesBuildPhase section */
		A2C897EA2203EB96007511D3 /* Resources */ = {
			isa = PBXResourcesBuildPhase;
			buildActionMask = 2147483647;
			files = (
				A2C897FA2203EB97007511D3 /* LaunchScreen.storyboard in Resources */,
				A2C897F72203EB97007511D3 /* Assets.xcassets in Resources */,
				A2C897F52203EB96007511D3 /* Main.storyboard in Resources */,
			);
			runOnlyForDeploymentPostprocessing = 0;
		};
		A2C897FE2203EB97007511D3 /* Resources */ = {
			isa = PBXResourcesBuildPhase;
			buildActionMask = 2147483647;
			files = (
			);
			runOnlyForDeploymentPostprocessing = 0;
		};
		A2C898092203EB97007511D3 /* Resources */ = {
			isa = PBXResourcesBuildPhase;
			buildActionMask = 2147483647;
			files = (
			);
			runOnlyForDeploymentPostprocessing = 0;
		};
/* End PBXResourcesBuildPhase section */

/* Begin PBXShellScriptBuildPhase section */
		5DEA98F1768573471A665BCA /* [CP] Embed Pods Frameworks */ = {
			isa = PBXShellScriptBuildPhase;
			buildActionMask = 2147483647;
			files = (
			);
			inputFileListPaths = (
			);
			inputPaths = (
				"${SRCROOT}/Pods/Target Support Files/Pods-Flixter/Pods-Flixter-frameworks.sh",
				"${BUILT_PRODUCTS_DIR}/Alamofire/Alamofire.framework",
				"${BUILT_PRODUCTS_DIR}/AlamofireImage/AlamofireImage.framework",
			);
			name = "[CP] Embed Pods Frameworks";
			outputFileListPaths = (
			);
			outputPaths = (
				"${TARGET_BUILD_DIR}/${FRAMEWORKS_FOLDER_PATH}/Alamofire.framework",
				"${TARGET_BUILD_DIR}/${FRAMEWORKS_FOLDER_PATH}/AlamofireImage.framework",
			);
			runOnlyForDeploymentPostprocessing = 0;
			shellPath = /bin/sh;
			shellScript = "\"${SRCROOT}/Pods/Target Support Files/Pods-Flixter/Pods-Flixter-frameworks.sh\"\n";
			showEnvVarsInLog = 0;
		};
		8D19F070AF8655266ECCCAFD /* [CP] Check Pods Manifest.lock */ = {
			isa = PBXShellScriptBuildPhase;
			buildActionMask = 2147483647;
			files = (
			);
			inputFileListPaths = (
			);
			inputPaths = (
				"${PODS_PODFILE_DIR_PATH}/Podfile.lock",
				"${PODS_ROOT}/Manifest.lock",
			);
			name = "[CP] Check Pods Manifest.lock";
			outputFileListPaths = (
			);
			outputPaths = (
				"$(DERIVED_FILE_DIR)/Pods-FlixterTests-checkManifestLockResult.txt",
			);
			runOnlyForDeploymentPostprocessing = 0;
			shellPath = /bin/sh;
			shellScript = "diff \"${PODS_PODFILE_DIR_PATH}/Podfile.lock\" \"${PODS_ROOT}/Manifest.lock\" > /dev/null\nif [ $? != 0 ] ; then\n    # print error to STDERR\n    echo \"error: The sandbox is not in sync with the Podfile.lock. Run 'pod install' or update your CocoaPods installation.\" >&2\n    exit 1\nfi\n# This output is used by Xcode 'outputs' to avoid re-running this script phase.\necho \"SUCCESS\" > \"${SCRIPT_OUTPUT_FILE_0}\"\n";
			showEnvVarsInLog = 0;
		};
		ACD41B808B8427F97B07262D /* [CP] Check Pods Manifest.lock */ = {
			isa = PBXShellScriptBuildPhase;
			buildActionMask = 2147483647;
			files = (
			);
			inputFileListPaths = (
			);
			inputPaths = (
				"${PODS_PODFILE_DIR_PATH}/Podfile.lock",
				"${PODS_ROOT}/Manifest.lock",
			);
			name = "[CP] Check Pods Manifest.lock";
			outputFileListPaths = (
			);
			outputPaths = (
				"$(DERIVED_FILE_DIR)/Pods-FlixterUITests-checkManifestLockResult.txt",
			);
			runOnlyForDeploymentPostprocessing = 0;
			shellPath = /bin/sh;
			shellScript = "diff \"${PODS_PODFILE_DIR_PATH}/Podfile.lock\" \"${PODS_ROOT}/Manifest.lock\" > /dev/null\nif [ $? != 0 ] ; then\n    # print error to STDERR\n    echo \"error: The sandbox is not in sync with the Podfile.lock. Run 'pod install' or update your CocoaPods installation.\" >&2\n    exit 1\nfi\n# This output is used by Xcode 'outputs' to avoid re-running this script phase.\necho \"SUCCESS\" > \"${SCRIPT_OUTPUT_FILE_0}\"\n";
			showEnvVarsInLog = 0;
		};
		B43F04F50C74DD4ADECAB89F /* [CP] Check Pods Manifest.lock */ = {
			isa = PBXShellScriptBuildPhase;
			buildActionMask = 2147483647;
			files = (
			);
			inputFileListPaths = (
			);
			inputPaths = (
				"${PODS_PODFILE_DIR_PATH}/Podfile.lock",
				"${PODS_ROOT}/Manifest.lock",
			);
			name = "[CP] Check Pods Manifest.lock";
			outputFileListPaths = (
			);
			outputPaths = (
				"$(DERIVED_FILE_DIR)/Pods-Flixter-checkManifestLockResult.txt",
			);
			runOnlyForDeploymentPostprocessing = 0;
			shellPath = /bin/sh;
			shellScript = "diff \"${PODS_PODFILE_DIR_PATH}/Podfile.lock\" \"${PODS_ROOT}/Manifest.lock\" > /dev/null\nif [ $? != 0 ] ; then\n    # print error to STDERR\n    echo \"error: The sandbox is not in sync with the Podfile.lock. Run 'pod install' or update your CocoaPods installation.\" >&2\n    exit 1\nfi\n# This output is used by Xcode 'outputs' to avoid re-running this script phase.\necho \"SUCCESS\" > \"${SCRIPT_OUTPUT_FILE_0}\"\n";
			showEnvVarsInLog = 0;
		};
/* End PBXShellScriptBuildPhase section */

/* Begin PBXSourcesBuildPhase section */
		A2C897E82203EB96007511D3 /* Sources */ = {
			isa = PBXSourcesBuildPhase;
			buildActionMask = 2147483647;
			files = (
				BD3E798722124A5B00EDD78E /* MovieGridViewController.swift in Sources */,
				BDD58501220D243C0059FE51 /* MovieDetailsViewController.swift in Sources */,
				A2C897F02203EB96007511D3 /* AppDelegate.swift in Sources */,
				A2C898282203F6A8007511D3 /* MoviesViewController.swift in Sources */,
				BD3E7989221257F300EDD78E /* MovieGridCell.swift in Sources */,
				A2C8982A22040500007511D3 /* MovieCell.swift in Sources */,
			);
			runOnlyForDeploymentPostprocessing = 0;
		};
		A2C897FC2203EB97007511D3 /* Sources */ = {
			isa = PBXSourcesBuildPhase;
			buildActionMask = 2147483647;
			files = (
				A2C898052203EB97007511D3 /* FlixterTests.swift in Sources */,
			);
			runOnlyForDeploymentPostprocessing = 0;
		};
		A2C898072203EB97007511D3 /* Sources */ = {
			isa = PBXSourcesBuildPhase;
			buildActionMask = 2147483647;
			files = (
				A2C898102203EB97007511D3 /* FlixterUITests.swift in Sources */,
			);
			runOnlyForDeploymentPostprocessing = 0;
		};
/* End PBXSourcesBuildPhase section */

/* Begin PBXTargetDependency section */
		A2C898022203EB97007511D3 /* PBXTargetDependency */ = {
			isa = PBXTargetDependency;
			target = A2C897EB2203EB96007511D3 /* Flixter */;
			targetProxy = A2C898012203EB97007511D3 /* PBXContainerItemProxy */;
		};
		A2C8980D2203EB97007511D3 /* PBXTargetDependency */ = {
			isa = PBXTargetDependency;
			target = A2C897EB2203EB96007511D3 /* Flixter */;
			targetProxy = A2C8980C2203EB97007511D3 /* PBXContainerItemProxy */;
		};
/* End PBXTargetDependency section */

/* Begin PBXVariantGroup section */
		A2C897F32203EB96007511D3 /* Main.storyboard */ = {
			isa = PBXVariantGroup;
			children = (
				A2C897F42203EB96007511D3 /* Base */,
			);
			name = Main.storyboard;
			sourceTree = "<group>";
		};
		A2C897F82203EB97007511D3 /* LaunchScreen.storyboard */ = {
			isa = PBXVariantGroup;
			children = (
				A2C897F92203EB97007511D3 /* Base */,
			);
			name = LaunchScreen.storyboard;
			sourceTree = "<group>";
		};
/* End PBXVariantGroup section */

/* Begin XCBuildConfiguration section */
		A2C898122203EB97007511D3 /* Debug */ = {
			isa = XCBuildConfiguration;
			buildSettings = {
				ALWAYS_SEARCH_USER_PATHS = NO;
				CLANG_ANALYZER_NONNULL = YES;
				CLANG_ANALYZER_NUMBER_OBJECT_CONVERSION = YES_AGGRESSIVE;
				CLANG_CXX_LANGUAGE_STANDARD = "gnu++14";
				CLANG_CXX_LIBRARY = "libc++";
				CLANG_ENABLE_MODULES = YES;
				CLANG_ENABLE_OBJC_ARC = YES;
				CLANG_ENABLE_OBJC_WEAK = YES;
				CLANG_WARN_BLOCK_CAPTURE_AUTORELEASING = YES;
				CLANG_WARN_BOOL_CONVERSION = YES;
				CLANG_WARN_COMMA = YES;
				CLANG_WARN_CONSTANT_CONVERSION = YES;
				CLANG_WARN_DEPRECATED_OBJC_IMPLEMENTATIONS = YES;
				CLANG_WARN_DIRECT_OBJC_ISA_USAGE = YES_ERROR;
				CLANG_WARN_DOCUMENTATION_COMMENTS = YES;
				CLANG_WARN_EMPTY_BODY = YES;
				CLANG_WARN_ENUM_CONVERSION = YES;
				CLANG_WARN_INFINITE_RECURSION = YES;
				CLANG_WARN_INT_CONVERSION = YES;
				CLANG_WARN_NON_LITERAL_NULL_CONVERSION = YES;
				CLANG_WARN_OBJC_IMPLICIT_RETAIN_SELF = YES;
				CLANG_WARN_OBJC_LITERAL_CONVERSION = YES;
				CLANG_WARN_OBJC_ROOT_CLASS = YES_ERROR;
				CLANG_WARN_RANGE_LOOP_ANALYSIS = YES;
				CLANG_WARN_STRICT_PROTOTYPES = YES;
				CLANG_WARN_SUSPICIOUS_MOVE = YES;
				CLANG_WARN_UNGUARDED_AVAILABILITY = YES_AGGRESSIVE;
				CLANG_WARN_UNREACHABLE_CODE = YES;
				CLANG_WARN__DUPLICATE_METHOD_MATCH = YES;
				CODE_SIGN_IDENTITY = "iPhone Developer";
				COPY_PHASE_STRIP = NO;
				DEBUG_INFORMATION_FORMAT = dwarf;
				ENABLE_STRICT_OBJC_MSGSEND = YES;
				ENABLE_TESTABILITY = YES;
				GCC_C_LANGUAGE_STANDARD = gnu11;
				GCC_DYNAMIC_NO_PIC = NO;
				GCC_NO_COMMON_BLOCKS = YES;
				GCC_OPTIMIZATION_LEVEL = 0;
				GCC_PREPROCESSOR_DEFINITIONS = (
					"DEBUG=1",
					"$(inherited)",
				);
				GCC_WARN_64_TO_32_BIT_CONVERSION = YES;
				GCC_WARN_ABOUT_RETURN_TYPE = YES_ERROR;
				GCC_WARN_UNDECLARED_SELECTOR = YES;
				GCC_WARN_UNINITIALIZED_AUTOS = YES_AGGRESSIVE;
				GCC_WARN_UNUSED_FUNCTION = YES;
				GCC_WARN_UNUSED_VARIABLE = YES;
				IPHONEOS_DEPLOYMENT_TARGET = 12.1;
				MTL_ENABLE_DEBUG_INFO = INCLUDE_SOURCE;
				MTL_FAST_MATH = YES;
				ONLY_ACTIVE_ARCH = YES;
				SDKROOT = iphoneos;
				SWIFT_ACTIVE_COMPILATION_CONDITIONS = DEBUG;
				SWIFT_OPTIMIZATION_LEVEL = "-Onone";
			};
			name = Debug;
		};
		A2C898132203EB97007511D3 /* Release */ = {
			isa = XCBuildConfiguration;
			buildSettings = {
				ALWAYS_SEARCH_USER_PATHS = NO;
				CLANG_ANALYZER_NONNULL = YES;
				CLANG_ANALYZER_NUMBER_OBJECT_CONVERSION = YES_AGGRESSIVE;
				CLANG_CXX_LANGUAGE_STANDARD = "gnu++14";
				CLANG_CXX_LIBRARY = "libc++";
				CLANG_ENABLE_MODULES = YES;
				CLANG_ENABLE_OBJC_ARC = YES;
				CLANG_ENABLE_OBJC_WEAK = YES;
				CLANG_WARN_BLOCK_CAPTURE_AUTORELEASING = YES;
				CLANG_WARN_BOOL_CONVERSION = YES;
				CLANG_WARN_COMMA = YES;
				CLANG_WARN_CONSTANT_CONVERSION = YES;
				CLANG_WARN_DEPRECATED_OBJC_IMPLEMENTATIONS = YES;
				CLANG_WARN_DIRECT_OBJC_ISA_USAGE = YES_ERROR;
				CLANG_WARN_DOCUMENTATION_COMMENTS = YES;
				CLANG_WARN_EMPTY_BODY = YES;
				CLANG_WARN_ENUM_CONVERSION = YES;
				CLANG_WARN_INFINITE_RECURSION = YES;
				CLANG_WARN_INT_CONVERSION = YES;
				CLANG_WARN_NON_LITERAL_NULL_CONVERSION = YES;
				CLANG_WARN_OBJC_IMPLICIT_RETAIN_SELF = YES;
				CLANG_WARN_OBJC_LITERAL_CONVERSION = YES;
				CLANG_WARN_OBJC_ROOT_CLASS = YES_ERROR;
				CLANG_WARN_RANGE_LOOP_ANALYSIS = YES;
				CLANG_WARN_STRICT_PROTOTYPES = YES;
				CLANG_WARN_SUSPICIOUS_MOVE = YES;
				CLANG_WARN_UNGUARDED_AVAILABILITY = YES_AGGRESSIVE;
				CLANG_WARN_UNREACHABLE_CODE = YES;
				CLANG_WARN__DUPLICATE_METHOD_MATCH = YES;
				CODE_SIGN_IDENTITY = "iPhone Developer";
				COPY_PHASE_STRIP = NO;
				DEBUG_INFORMATION_FORMAT = "dwarf-with-dsym";
				ENABLE_NS_ASSERTIONS = NO;
				ENABLE_STRICT_OBJC_MSGSEND = YES;
				GCC_C_LANGUAGE_STANDARD = gnu11;
				GCC_NO_COMMON_BLOCKS = YES;
				GCC_WARN_64_TO_32_BIT_CONVERSION = YES;
				GCC_WARN_ABOUT_RETURN_TYPE = YES_ERROR;
				GCC_WARN_UNDECLARED_SELECTOR = YES;
				GCC_WARN_UNINITIALIZED_AUTOS = YES_AGGRESSIVE;
				GCC_WARN_UNUSED_FUNCTION = YES;
				GCC_WARN_UNUSED_VARIABLE = YES;
				IPHONEOS_DEPLOYMENT_TARGET = 12.1;
				MTL_ENABLE_DEBUG_INFO = NO;
				MTL_FAST_MATH = YES;
				SDKROOT = iphoneos;
				SWIFT_COMPILATION_MODE = wholemodule;
				SWIFT_OPTIMIZATION_LEVEL = "-O";
				VALIDATE_PRODUCT = YES;
			};
			name = Release;
		};
		A2C898152203EB97007511D3 /* Debug */ = {
			isa = XCBuildConfiguration;
			baseConfigurationReference = FF9DECC7AFE916E89BBF26F6 /* Pods-Flixter.debug.xcconfig */;
			buildSettings = {
				ASSETCATALOG_COMPILER_APPICON_NAME = AppIcon;
				CODE_SIGN_IDENTITY = "iPhone Developer";
				CODE_SIGN_STYLE = Automatic;
				DEVELOPMENT_TEAM = 85MRBN9339;
				INFOPLIST_FILE = Flixter/Info.plist;
				LD_RUNPATH_SEARCH_PATHS = (
					"$(inherited)",
					"@executable_path/Frameworks",
				);
				PRODUCT_BUNDLE_IDENTIFIER = AnthonyRonca.Flixter;
				PRODUCT_NAME = "$(TARGET_NAME)";
				PROVISIONING_PROFILE_SPECIFIER = "";
				SWIFT_VERSION = 4.2;
				TARGETED_DEVICE_FAMILY = "1,2";
			};
			name = Debug;
		};
		A2C898162203EB97007511D3 /* Release */ = {
			isa = XCBuildConfiguration;
			baseConfigurationReference = 95199350B9D3BBD5750E1FB8 /* Pods-Flixter.release.xcconfig */;
			buildSettings = {
				ASSETCATALOG_COMPILER_APPICON_NAME = AppIcon;
				CODE_SIGN_IDENTITY = "iPhone Developer";
				CODE_SIGN_STYLE = Automatic;
				DEVELOPMENT_TEAM = 85MRBN9339;
				INFOPLIST_FILE = Flixter/Info.plist;
				LD_RUNPATH_SEARCH_PATHS = (
					"$(inherited)",
					"@executable_path/Frameworks",
				);
				PRODUCT_BUNDLE_IDENTIFIER = AnthonyRonca.Flixter;
				PRODUCT_NAME = "$(TARGET_NAME)";
				PROVISIONING_PROFILE_SPECIFIER = "";
				SWIFT_VERSION = 4.2;
				TARGETED_DEVICE_FAMILY = "1,2";
			};
			name = Release;
		};
		A2C898182203EB97007511D3 /* Debug */ = {
			isa = XCBuildConfiguration;
			baseConfigurationReference = A6990CE2A03CAF34339C5826 /* Pods-FlixterTests.debug.xcconfig */;
			buildSettings = {
				ALWAYS_EMBED_SWIFT_STANDARD_LIBRARIES = YES;
				BUNDLE_LOADER = "$(TEST_HOST)";
				CODE_SIGN_STYLE = Automatic;
				INFOPLIST_FILE = FlixterTests/Info.plist;
				LD_RUNPATH_SEARCH_PATHS = (
					"$(inherited)",
					"@executable_path/Frameworks",
					"@loader_path/Frameworks",
				);
				PRODUCT_BUNDLE_IDENTIFIER = AnthonyRonca.FlixterTests;
				PRODUCT_NAME = "$(TARGET_NAME)";
				SWIFT_VERSION = 4.2;
				TARGETED_DEVICE_FAMILY = "1,2";
				TEST_HOST = "$(BUILT_PRODUCTS_DIR)/Flixter.app/Flixter";
			};
			name = Debug;
		};
		A2C898192203EB97007511D3 /* Release */ = {
			isa = XCBuildConfiguration;
			baseConfigurationReference = F805CFFF484183094561A4D3 /* Pods-FlixterTests.release.xcconfig */;
			buildSettings = {
				ALWAYS_EMBED_SWIFT_STANDARD_LIBRARIES = YES;
				BUNDLE_LOADER = "$(TEST_HOST)";
				CODE_SIGN_STYLE = Automatic;
				INFOPLIST_FILE = FlixterTests/Info.plist;
				LD_RUNPATH_SEARCH_PATHS = (
					"$(inherited)",
					"@executable_path/Frameworks",
					"@loader_path/Frameworks",
				);
				PRODUCT_BUNDLE_IDENTIFIER = AnthonyRonca.FlixterTests;
				PRODUCT_NAME = "$(TARGET_NAME)";
				SWIFT_VERSION = 4.2;
				TARGETED_DEVICE_FAMILY = "1,2";
				TEST_HOST = "$(BUILT_PRODUCTS_DIR)/Flixter.app/Flixter";
			};
			name = Release;
		};
		A2C8981B2203EB97007511D3 /* Debug */ = {
			isa = XCBuildConfiguration;
			baseConfigurationReference = 635FAA5FC6CEE067581D8B7D /* Pods-FlixterUITests.debug.xcconfig */;
			buildSettings = {
				ALWAYS_EMBED_SWIFT_STANDARD_LIBRARIES = YES;
				CODE_SIGN_STYLE = Automatic;
				INFOPLIST_FILE = FlixterUITests/Info.plist;
				LD_RUNPATH_SEARCH_PATHS = (
					"$(inherited)",
					"@executable_path/Frameworks",
					"@loader_path/Frameworks",
				);
				PRODUCT_BUNDLE_IDENTIFIER = AnthonyRonca.FlixterUITests;
				PRODUCT_NAME = "$(TARGET_NAME)";
				SWIFT_VERSION = 4.2;
				TARGETED_DEVICE_FAMILY = "1,2";
				TEST_TARGET_NAME = Flixter;
			};
			name = Debug;
		};
		A2C8981C2203EB97007511D3 /* Release */ = {
			isa = XCBuildConfiguration;
			baseConfigurationReference = 58F75612DAE5FA708579CF58 /* Pods-FlixterUITests.release.xcconfig */;
			buildSettings = {
				ALWAYS_EMBED_SWIFT_STANDARD_LIBRARIES = YES;
				CODE_SIGN_STYLE = Automatic;
				INFOPLIST_FILE = FlixterUITests/Info.plist;
				LD_RUNPATH_SEARCH_PATHS = (
					"$(inherited)",
					"@executable_path/Frameworks",
					"@loader_path/Frameworks",
				);
				PRODUCT_BUNDLE_IDENTIFIER = AnthonyRonca.FlixterUITests;
				PRODUCT_NAME = "$(TARGET_NAME)";
				SWIFT_VERSION = 4.2;
				TARGETED_DEVICE_FAMILY = "1,2";
				TEST_TARGET_NAME = Flixter;
			};
			name = Release;
		};
/* End XCBuildConfiguration section */

/* Begin XCConfigurationList section */
		A2C897E72203EB96007511D3 /* Build configuration list for PBXProject "Flixter" */ = {
			isa = XCConfigurationList;
			buildConfigurations = (
				A2C898122203EB97007511D3 /* Debug */,
				A2C898132203EB97007511D3 /* Release */,
			);
			defaultConfigurationIsVisible = 0;
			defaultConfigurationName = Release;
		};
		A2C898142203EB97007511D3 /* Build configuration list for PBXNativeTarget "Flixter" */ = {
			isa = XCConfigurationList;
			buildConfigurations = (
				A2C898152203EB97007511D3 /* Debug */,
				A2C898162203EB97007511D3 /* Release */,
			);
			defaultConfigurationIsVisible = 0;
			defaultConfigurationName = Release;
		};
		A2C898172203EB97007511D3 /* Build configuration list for PBXNativeTarget "FlixterTests" */ = {
			isa = XCConfigurationList;
			buildConfigurations = (
				A2C898182203EB97007511D3 /* Debug */,
				A2C898192203EB97007511D3 /* Release */,
			);
			defaultConfigurationIsVisible = 0;
			defaultConfigurationName = Release;
		};
		A2C8981A2203EB97007511D3 /* Build configuration list for PBXNativeTarget "FlixterUITests" */ = {
			isa = XCConfigurationList;
			buildConfigurations = (
				A2C8981B2203EB97007511D3 /* Debug */,
				A2C8981C2203EB97007511D3 /* Release */,
			);
			defaultConfigurationIsVisible = 0;
			defaultConfigurationName = Release;
		};
/* End XCConfigurationList section */
	};
	rootObject = A2C897E42203EB96007511D3 /* Project object */;
}
